
Microsoft Visual Studio Solution File, Format Version 12.00
# Visual Studio Version 17
VisualStudioVersion = 17.0.31903.59
MinimumVisualStudioVersion = 10.0.40219.1
Project("{2150E333-8FDC-42A3-9474-1A3956D46DE8}") = "src", "src", "{D1889629-E1C3-4DB1-921B-274461AF48BA}"
EndProject
Project("{9A19103F-16F7-4668-BE54-9A1E7A4F7556}") = "StarTracker.Api", "src\StarTracker.Api\StarTracker.Api.csproj", "{669E6401-95B2-4B97-BCE3-C450E2F93C0E}"
EndProject
Project("{9A19103F-16F7-4668-BE54-9A1E7A4F7556}") = "StarTracker.Core", "src\StarTracker.Core\StarTracker.Core.csproj", "{77B4B031-220B-4756-8DE3-89AC84AF2C4C}"
EndProject
Project("{9A19103F-16F7-4668-BE54-9A1E7A4F7556}") = "StarTracker.Infrastructure", "src\StarTracker.Infrastructure\StarTracker.Infrastructure.csproj", "{5FC2C67C-C8C6-4A4B-9586-52D1DAFD2A3C}"
EndProject
Global
	GlobalSection(SolutionConfigurationPlatforms) = preSolution
		Debug|Any CPU = Debug|Any CPU
		Release|Any CPU = Release|Any CPU
	EndGlobalSection
	GlobalSection(SolutionProperties) = preSolution
		HideSolutionNode = FALSE
	EndGlobalSection
	GlobalSection(ProjectConfigurationPlatforms) = postSolution
		{669E6401-95B2-4B97-BCE3-C450E2F93C0E}.Debug|Any CPU.ActiveCfg = Debug|Any CPU
		{669E6401-95B2-4B97-BCE3-C450E2F93C0E}.Debug|Any CPU.Build.0 = Debug|Any CPU
		{669E6401-95B2-4B97-BCE3-C450E2F93C0E}.Release|Any CPU.ActiveCfg = Release|Any CPU
		{669E6401-95B2-4B97-BCE3-C450E2F93C0E}.Release|Any CPU.Build.0 = Release|Any CPU
		{77B4B031-220B-4756-8DE3-89AC84AF2C4C}.Debug|Any CPU.ActiveCfg = Debug|Any CPU
		{77B4B031-220B-4756-8DE3-89AC84AF2C4C}.Debug|Any CPU.Build.0 = Debug|Any CPU
		{77B4B031-220B-4756-8DE3-89AC84AF2C4C}.Release|Any CPU.ActiveCfg = Release|Any CPU
		{77B4B031-220B-4756-8DE3-89AC84AF2C4C}.Release|Any CPU.Build.0 = Release|Any CPU
		{5FC2C67C-C8C6-4A4B-9586-52D1DAFD2A3C}.Debug|Any CPU.ActiveCfg = Debug|Any CPU
		{5FC2C67C-C8C6-4A4B-9586-52D1DAFD2A3C}.Debug|Any CPU.Build.0 = Debug|Any CPU
		{5FC2C67C-C8C6-4A4B-9586-52D1DAFD2A3C}.Release|Any CPU.ActiveCfg = Release|Any CPU
		{5FC2C67C-C8C6-4A4B-9586-52D1DAFD2A3C}.Release|Any CPU.Build.0 = Release|Any CPU
	EndGlobalSection
	GlobalSection(NestedProjects) = preSolution
		{669E6401-95B2-4B97-BCE3-C450E2F93C0E} = {D1889629-E1C3-4DB1-921B-274461AF48BA}
		{77B4B031-220B-4756-8DE3-89AC84AF2C4C} = {D1889629-E1C3-4DB1-921B-274461AF48BA}
		{5FC2C67C-C8C6-4A4B-9586-52D1DAFD2A3C} = {D1889629-E1C3-4DB1-921B-274461AF48BA}
	EndGlobalSection
EndGlobal
